
Microsoft Visual Studio Solution File, Format Version 12.00
# Visual Studio 15
VisualStudioVersion = 15.0.25807.0
MinimumVisualStudioVersion = 10.0.40219.1
Project("{2150E333-8FDC-42A3-9474-1A3956D46DE8}") = "Engine", "Engine", "{E2FFB87F-F9F7-4F9C-9E72-33260BCDCEA5}"
EndProject
Project("{2150E333-8FDC-42A3-9474-1A3956D46DE8}") = "Games", "Games", "{82C83FEB-0F86-47DE-ACCE-7247434D2328}"
EndProject
Project("{8BC9CEB8-8B4A-11D0-8D11-00A0C91BC942}") = "UE4", "Intermediate\ProjectFiles\UE4.vcxproj", "{19A20537-B2E2-4976-8B11-FAC2DB7BEFA7}"
EndProject
Project("{8BC9CEB8-8B4A-11D0-8D11-00A0C91BC942}") = "XmasGiftDelivery", "Intermediate\ProjectFiles\XmasGiftDelivery.vcxproj", "{23A86D1C-C1D0-4290-8CEE-99EBE538DFBA}"
EndProject
Global
	GlobalSection(SolutionConfigurationPlatforms) = preSolution
		DebugGame Editor|Android = DebugGame Editor|Android
		DebugGame Editor|HTML5 = DebugGame Editor|HTML5
		DebugGame Editor|Win32 = DebugGame Editor|Win32
		DebugGame Editor|Win64 = DebugGame Editor|Win64
		DebugGame|Android = DebugGame|Android
		DebugGame|HTML5 = DebugGame|HTML5
		DebugGame|Win32 = DebugGame|Win32
		DebugGame|Win64 = DebugGame|Win64
		Development Editor|Android = Development Editor|Android
		Development Editor|HTML5 = Development Editor|HTML5
		Development Editor|Win32 = Development Editor|Win32
		Development Editor|Win64 = Development Editor|Win64
		Development|Android = Development|Android
		Development|HTML5 = Development|HTML5
		Development|Win32 = Development|Win32
		Development|Win64 = Development|Win64
		Shipping|Android = Shipping|Android
		Shipping|HTML5 = Shipping|HTML5
		Shipping|Win32 = Shipping|Win32
		Shipping|Win64 = Shipping|Win64
	EndGlobalSection
	GlobalSection(ProjectConfigurationPlatforms) = postSolution
		{19A20537-B2E2-4976-8B11-FAC2DB7BEFA7}.DebugGame Editor|Android.ActiveCfg = BuiltWithUnrealBuildTool|Win32
		{19A20537-B2E2-4976-8B11-FAC2DB7BEFA7}.DebugGame Editor|Android.Build.0 = BuiltWithUnrealBuildTool|Win32
		{19A20537-B2E2-4976-8B11-FAC2DB7BEFA7}.DebugGame Editor|HTML5.ActiveCfg = BuiltWithUnrealBuildTool|Win32
		{19A20537-B2E2-4976-8B11-FAC2DB7BEFA7}.DebugGame Editor|HTML5.Build.0 = BuiltWithUnrealBuildTool|Win32
		{19A20537-B2E2-4976-8B11-FAC2DB7BEFA7}.DebugGame Editor|Win32.ActiveCfg = BuiltWithUnrealBuildTool|Win32
		{19A20537-B2E2-4976-8B11-FAC2DB7BEFA7}.DebugGame Editor|Win32.Build.0 = BuiltWithUnrealBuildTool|Win32
		{19A20537-B2E2-4976-8B11-FAC2DB7BEFA7}.DebugGame Editor|Win64.ActiveCfg = BuiltWithUnrealBuildTool|Win32
		{19A20537-B2E2-4976-8B11-FAC2DB7BEFA7}.DebugGame Editor|Win64.Build.0 = BuiltWithUnrealBuildTool|Win32
		{19A20537-B2E2-4976-8B11-FAC2DB7BEFA7}.DebugGame|Android.ActiveCfg = BuiltWithUnrealBuildTool|Win32
		{19A20537-B2E2-4976-8B11-FAC2DB7BEFA7}.DebugGame|Android.Build.0 = BuiltWithUnrealBuildTool|Win32
		{19A20537-B2E2-4976-8B11-FAC2DB7BEFA7}.DebugGame|HTML5.ActiveCfg = BuiltWithUnrealBuildTool|Win32
		{19A20537-B2E2-4976-8B11-FAC2DB7BEFA7}.DebugGame|HTML5.Build.0 = BuiltWithUnrealBuildTool|Win32
		{19A20537-B2E2-4976-8B11-FAC2DB7BEFA7}.DebugGame|Win32.ActiveCfg = BuiltWithUnrealBuildTool|Win32
		{19A20537-B2E2-4976-8B11-FAC2DB7BEFA7}.DebugGame|Win32.Build.0 = BuiltWithUnrealBuildTool|Win32
		{19A20537-B2E2-4976-8B11-FAC2DB7BEFA7}.DebugGame|Win64.ActiveCfg = BuiltWithUnrealBuildTool|Win32
		{19A20537-B2E2-4976-8B11-FAC2DB7BEFA7}.DebugGame|Win64.Build.0 = BuiltWithUnrealBuildTool|Win32
		{19A20537-B2E2-4976-8B11-FAC2DB7BEFA7}.Development Editor|Android.ActiveCfg = BuiltWithUnrealBuildTool|Win32
		{19A20537-B2E2-4976-8B11-FAC2DB7BEFA7}.Development Editor|Android.Build.0 = BuiltWithUnrealBuildTool|Win32
		{19A20537-B2E2-4976-8B11-FAC2DB7BEFA7}.Development Editor|HTML5.ActiveCfg = BuiltWithUnrealBuildTool|Win32
		{19A20537-B2E2-4976-8B11-FAC2DB7BEFA7}.Development Editor|HTML5.Build.0 = BuiltWithUnrealBuildTool|Win32
		{19A20537-B2E2-4976-8B11-FAC2DB7BEFA7}.Development Editor|Win32.ActiveCfg = BuiltWithUnrealBuildTool|Win32
		{19A20537-B2E2-4976-8B11-FAC2DB7BEFA7}.Development Editor|Win32.Build.0 = BuiltWithUnrealBuildTool|Win32
		{19A20537-B2E2-4976-8B11-FAC2DB7BEFA7}.Development Editor|Win64.ActiveCfg = BuiltWithUnrealBuildTool|Win32
		{19A20537-B2E2-4976-8B11-FAC2DB7BEFA7}.Development Editor|Win64.Build.0 = BuiltWithUnrealBuildTool|Win32
		{19A20537-B2E2-4976-8B11-FAC2DB7BEFA7}.Development|Android.ActiveCfg = BuiltWithUnrealBuildTool|Win32
		{19A20537-B2E2-4976-8B11-FAC2DB7BEFA7}.Development|Android.Build.0 = BuiltWithUnrealBuildTool|Win32
		{19A20537-B2E2-4976-8B11-FAC2DB7BEFA7}.Development|HTML5.ActiveCfg = BuiltWithUnrealBuildTool|Win32
		{19A20537-B2E2-4976-8B11-FAC2DB7BEFA7}.Development|HTML5.Build.0 = BuiltWithUnrealBuildTool|Win32
		{19A20537-B2E2-4976-8B11-FAC2DB7BEFA7}.Development|Win32.ActiveCfg = BuiltWithUnrealBuildTool|Win32
		{19A20537-B2E2-4976-8B11-FAC2DB7BEFA7}.Development|Win32.Build.0 = BuiltWithUnrealBuildTool|Win32
		{19A20537-B2E2-4976-8B11-FAC2DB7BEFA7}.Development|Win64.ActiveCfg = BuiltWithUnrealBuildTool|Win32
		{19A20537-B2E2-4976-8B11-FAC2DB7BEFA7}.Development|Win64.Build.0 = BuiltWithUnrealBuildTool|Win32
		{19A20537-B2E2-4976-8B11-FAC2DB7BEFA7}.Shipping|Android.ActiveCfg = BuiltWithUnrealBuildTool|Win32
		{19A20537-B2E2-4976-8B11-FAC2DB7BEFA7}.Shipping|Android.Build.0 = BuiltWithUnrealBuildTool|Win32
		{19A20537-B2E2-4976-8B11-FAC2DB7BEFA7}.Shipping|HTML5.ActiveCfg = BuiltWithUnrealBuildTool|Win32
		{19A20537-B2E2-4976-8B11-FAC2DB7BEFA7}.Shipping|HTML5.Build.0 = BuiltWithUnrealBuildTool|Win32
		{19A20537-B2E2-4976-8B11-FAC2DB7BEFA7}.Shipping|Win32.ActiveCfg = BuiltWithUnrealBuildTool|Win32
		{19A20537-B2E2-4976-8B11-FAC2DB7BEFA7}.Shipping|Win32.Build.0 = BuiltWithUnrealBuildTool|Win32
		{19A20537-B2E2-4976-8B11-FAC2DB7BEFA7}.Shipping|Win64.ActiveCfg = BuiltWithUnrealBuildTool|Win32
		{19A20537-B2E2-4976-8B11-FAC2DB7BEFA7}.Shipping|Win64.Build.0 = BuiltWithUnrealBuildTool|Win32
		{23A86D1C-C1D0-4290-8CEE-99EBE538DFBA}.DebugGame Editor|Android.ActiveCfg = HTML5_DebugGame_Game|x64
		{23A86D1C-C1D0-4290-8CEE-99EBE538DFBA}.DebugGame Editor|Android.Build.0 = HTML5_DebugGame_Game|x64
		{23A86D1C-C1D0-4290-8CEE-99EBE538DFBA}.DebugGame Editor|HTML5.ActiveCfg = HTML5_DebugGame_Editor|Win32
		{23A86D1C-C1D0-4290-8CEE-99EBE538DFBA}.DebugGame Editor|Win32.ActiveCfg = DebugGame_Editor|Win32
		{23A86D1C-C1D0-4290-8CEE-99EBE538DFBA}.DebugGame Editor|Win64.ActiveCfg = DebugGame_Editor|x64
		{23A86D1C-C1D0-4290-8CEE-99EBE538DFBA}.DebugGame Editor|Win64.Build.0 = DebugGame_Editor|x64
		{23A86D1C-C1D0-4290-8CEE-99EBE538DFBA}.DebugGame|Android.ActiveCfg = HTML5_DebugGame_Game|x64
		{23A86D1C-C1D0-4290-8CEE-99EBE538DFBA}.DebugGame|Android.Build.0 = HTML5_DebugGame_Game|x64
		{23A86D1C-C1D0-4290-8CEE-99EBE538DFBA}.DebugGame|HTML5.ActiveCfg = HTML5_DebugGame_Game|Win32
		{23A86D1C-C1D0-4290-8CEE-99EBE538DFBA}.DebugGame|HTML5.Build.0 = HTML5_DebugGame_Game|Win32
		{23A86D1C-C1D0-4290-8CEE-99EBE538DFBA}.DebugGame|Win32.ActiveCfg = DebugGame_Game|Win32
		{23A86D1C-C1D0-4290-8CEE-99EBE538DFBA}.DebugGame|Win32.Build.0 = DebugGame_Game|Win32
		{23A86D1C-C1D0-4290-8CEE-99EBE538DFBA}.DebugGame|Win64.ActiveCfg = DebugGame_Game|x64
		{23A86D1C-C1D0-4290-8CEE-99EBE538DFBA}.DebugGame|Win64.Build.0 = DebugGame_Game|x64
		{23A86D1C-C1D0-4290-8CEE-99EBE538DFBA}.Development Editor|Android.ActiveCfg = HTML5_DebugGame_Game|x64
		{23A86D1C-C1D0-4290-8CEE-99EBE538DFBA}.Development Editor|Android.Build.0 = HTML5_DebugGame_Game|x64
		{23A86D1C-C1D0-4290-8CEE-99EBE538DFBA}.Development Editor|HTML5.ActiveCfg = HTML5_Development_Editor|Win32
		{23A86D1C-C1D0-4290-8CEE-99EBE538DFBA}.Development Editor|Win32.ActiveCfg = Development_Editor|Win32
		{23A86D1C-C1D0-4290-8CEE-99EBE538DFBA}.Development Editor|Win64.ActiveCfg = Development_Editor|x64
		{23A86D1C-C1D0-4290-8CEE-99EBE538DFBA}.Development Editor|Win64.Build.0 = Development_Editor|x64
		{23A86D1C-C1D0-4290-8CEE-99EBE538DFBA}.Development|Android.ActiveCfg = HTML5_DebugGame_Game|x64
		{23A86D1C-C1D0-4290-8CEE-99EBE538DFBA}.Development|Android.Build.0 = HTML5_DebugGame_Game|x64
		{23A86D1C-C1D0-4290-8CEE-99EBE538DFBA}.Development|HTML5.ActiveCfg = HTML5_Development_Game|Win32
		{23A86D1C-C1D0-4290-8CEE-99EBE538DFBA}.Development|HTML5.Build.0 = HTML5_Development_Game|Win32
		{23A86D1C-C1D0-4290-8CEE-99EBE538DFBA}.Development|Win32.ActiveCfg = Development_Game|Win32
		{23A86D1C-C1D0-4290-8CEE-99EBE538DFBA}.Development|Win32.Build.0 = Development_Game|Win32
		{23A86D1C-C1D0-4290-8CEE-99EBE538DFBA}.Development|Win64.ActiveCfg = Development_Game|x64
		{23A86D1C-C1D0-4290-8CEE-99EBE538DFBA}.Development|Win64.Build.0 = Development_Game|x64
		{23A86D1C-C1D0-4290-8CEE-99EBE538DFBA}.Shipping|Android.ActiveCfg = HTML5_DebugGame_Game|x64
		{23A86D1C-C1D0-4290-8CEE-99EBE538DFBA}.Shipping|Android.Build.0 = HTML5_DebugGame_Game|x64
		{23A86D1C-C1D0-4290-8CEE-99EBE538DFBA}.Shipping|HTML5.ActiveCfg = HTML5_Shipping_Game|Win32
		{23A86D1C-C1D0-4290-8CEE-99EBE538DFBA}.Shipping|HTML5.Build.0 = HTML5_Shipping_Game|Win32
		{23A86D1C-C1D0-4290-8CEE-99EBE538DFBA}.Shipping|Win32.ActiveCfg = Shipping_Game|Win32
		{23A86D1C-C1D0-4290-8CEE-99EBE538DFBA}.Shipping|Win32.Build.0 = Shipping_Game|Win32
		{23A86D1C-C1D0-4290-8CEE-99EBE538DFBA}.Shipping|Win64.ActiveCfg = Shipping_Game|x64
		{23A86D1C-C1D0-4290-8CEE-99EBE538DFBA}.Shipping|Win64.Build.0 = Shipping_Game|x64
	EndGlobalSection
	GlobalSection(SolutionProperties) = preSolution
		HideSolutionNode = FALSE
	EndGlobalSection
	GlobalSection(NestedProjects) = preSolution
		{19A20537-B2E2-4976-8B11-FAC2DB7BEFA7} = {E2FFB87F-F9F7-4F9C-9E72-33260BCDCEA5}
		{23A86D1C-C1D0-4290-8CEE-99EBE538DFBA} = {82C83FEB-0F86-47DE-ACCE-7247434D2328}
	EndGlobalSection
	GlobalSection(ExtensibilityGlobals) = postSolution
		SolutionGuid = {6FC44627-5C5A-4F18-BB8D-77E454F02556}
	EndGlobalSection
EndGlobal
