
Microsoft Visual Studio Solution File, Format Version 12.00
# Visual Studio 15
VisualStudioVersion = 15.0.25807.0
MinimumVisualStudioVersion = 10.0.40219.1
Project("{2150E333-8FDC-42A3-9474-1A3956D46DE8}") = "Engine", "Engine", "{C1FEBFA8-9D37-49FE-A551-415C847F9261}"
EndProject
Project("{2150E333-8FDC-42A3-9474-1A3956D46DE8}") = "Games", "Games", "{FE25F4DF-626D-4B2F-9B35-4E752778F75F}"
EndProject
Project("{8BC9CEB8-8B4A-11D0-8D11-00A0C91BC942}") = "UE4", "Intermediate\ProjectFiles\UE4.vcxproj", "{19A20537-B2E2-4976-8B11-FAC2DB7BEFA7}"
EndProject
Project("{8BC9CEB8-8B4A-11D0-8D11-00A0C91BC942}") = "XmasGiftDelivery", "Intermediate\ProjectFiles\XmasGiftDelivery.vcxproj", "{23A86D1C-C1D0-4290-8CEE-99EBE538DFBA}"
EndProject
Global
	GlobalSection(SolutionConfigurationPlatforms) = preSolution
		DebugGame Editor|HTML5 = DebugGame Editor|HTML5
		DebugGame Editor|Win32 = DebugGame Editor|Win32
		DebugGame Editor|Win64 = DebugGame Editor|Win64
		DebugGame|HTML5 = DebugGame|HTML5
		DebugGame|Win32 = DebugGame|Win32
		DebugGame|Win64 = DebugGame|Win64
		Development Editor|HTML5 = Development Editor|HTML5
		Development Editor|Win32 = Development Editor|Win32
		Development Editor|Win64 = Development Editor|Win64
		Development|HTML5 = Development|HTML5
		Development|Win32 = Development|Win32
		Development|Win64 = Development|Win64
		Shipping|HTML5 = Shipping|HTML5
		Shipping|Win32 = Shipping|Win32
		Shipping|Win64 = Shipping|Win64
	EndGlobalSection
	GlobalSection(ProjectConfigurationPlatforms) = postSolution
		{19A20537-B2E2-4976-8B11-FAC2DB7BEFA7}.DebugGame Editor|HTML5.ActiveCfg = BuiltWithUnrealBuildTool|Win32
		{19A20537-B2E2-4976-8B11-FAC2DB7BEFA7}.DebugGame Editor|HTML5.Build.0 = BuiltWithUnrealBuildTool|Win32
		{19A20537-B2E2-4976-8B11-FAC2DB7BEFA7}.DebugGame Editor|Win32.ActiveCfg = BuiltWithUnrealBuildTool|Win32
		{19A20537-B2E2-4976-8B11-FAC2DB7BEFA7}.DebugGame Editor|Win32.Build.0 = BuiltWithUnrealBuildTool|Win32
		{19A20537-B2E2-4976-8B11-FAC2DB7BEFA7}.DebugGame Editor|Win64.ActiveCfg = BuiltWithUnrealBuildTool|Win32
		{19A20537-B2E2-4976-8B11-FAC2DB7BEFA7}.DebugGame Editor|Win64.Build.0 = BuiltWithUnrealBuildTool|Win32
		{19A20537-B2E2-4976-8B11-FAC2DB7BEFA7}.DebugGame|HTML5.ActiveCfg = BuiltWithUnrealBuildTool|Win32
		{19A20537-B2E2-4976-8B11-FAC2DB7BEFA7}.DebugGame|HTML5.Build.0 = BuiltWithUnrealBuildTool|Win32
		{19A20537-B2E2-4976-8B11-FAC2DB7BEFA7}.DebugGame|Win32.ActiveCfg = BuiltWithUnrealBuildTool|Win32
		{19A20537-B2E2-4976-8B11-FAC2DB7BEFA7}.DebugGame|Win32.Build.0 = BuiltWithUnrealBuildTool|Win32
		{19A20537-B2E2-4976-8B11-FAC2DB7BEFA7}.DebugGame|Win64.ActiveCfg = BuiltWithUnrealBuildTool|Win32
		{19A20537-B2E2-4976-8B11-FAC2DB7BEFA7}.DebugGame|Win64.Build.0 = BuiltWithUnrealBuildTool|Win32
		{19A20537-B2E2-4976-8B11-FAC2DB7BEFA7}.Development Editor|HTML5.ActiveCfg = BuiltWithUnrealBuildTool|Win32
		{19A20537-B2E2-4976-8B11-FAC2DB7BEFA7}.Development Editor|HTML5.Build.0 = BuiltWithUnrealBuildTool|Win32
		{19A20537-B2E2-4976-8B11-FAC2DB7BEFA7}.Development Editor|Win32.ActiveCfg = BuiltWithUnrealBuildTool|Win32
		{19A20537-B2E2-4976-8B11-FAC2DB7BEFA7}.Development Editor|Win32.Build.0 = BuiltWithUnrealBuildTool|Win32
		{19A20537-B2E2-4976-8B11-FAC2DB7BEFA7}.Development Editor|Win64.ActiveCfg = BuiltWithUnrealBuildTool|Win32
		{19A20537-B2E2-4976-8B11-FAC2DB7BEFA7}.Development Editor|Win64.Build.0 = BuiltWithUnrealBuildTool|Win32
		{19A20537-B2E2-4976-8B11-FAC2DB7BEFA7}.Development|HTML5.ActiveCfg = BuiltWithUnrealBuildTool|Win32
		{19A20537-B2E2-4976-8B11-FAC2DB7BEFA7}.Development|HTML5.Build.0 = BuiltWithUnrealBuildTool|Win32
		{19A20537-B2E2-4976-8B11-FAC2DB7BEFA7}.Development|Win32.ActiveCfg = BuiltWithUnrealBuildTool|Win32
		{19A20537-B2E2-4976-8B11-FAC2DB7BEFA7}.Development|Win32.Build.0 = BuiltWithUnrealBuildTool|Win32
		{19A20537-B2E2-4976-8B11-FAC2DB7BEFA7}.Development|Win64.ActiveCfg = BuiltWithUnrealBuildTool|Win32
		{19A20537-B2E2-4976-8B11-FAC2DB7BEFA7}.Development|Win64.Build.0 = BuiltWithUnrealBuildTool|Win32
		{19A20537-B2E2-4976-8B11-FAC2DB7BEFA7}.Shipping|HTML5.ActiveCfg = BuiltWithUnrealBuildTool|Win32
		{19A20537-B2E2-4976-8B11-FAC2DB7BEFA7}.Shipping|HTML5.Build.0 = BuiltWithUnrealBuildTool|Win32
		{19A20537-B2E2-4976-8B11-FAC2DB7BEFA7}.Shipping|Win32.ActiveCfg = BuiltWithUnrealBuildTool|Win32
		{19A20537-B2E2-4976-8B11-FAC2DB7BEFA7}.Shipping|Win32.Build.0 = BuiltWithUnrealBuildTool|Win32
		{19A20537-B2E2-4976-8B11-FAC2DB7BEFA7}.Shipping|Win64.ActiveCfg = BuiltWithUnrealBuildTool|Win32
		{19A20537-B2E2-4976-8B11-FAC2DB7BEFA7}.Shipping|Win64.Build.0 = BuiltWithUnrealBuildTool|Win32
		{23A86D1C-C1D0-4290-8CEE-99EBE538DFBA}.DebugGame Editor|HTML5.ActiveCfg = HTML5_DebugGame_Editor|Win32
		{23A86D1C-C1D0-4290-8CEE-99EBE538DFBA}.DebugGame Editor|Win32.ActiveCfg = DebugGame_Editor|Win32
		{23A86D1C-C1D0-4290-8CEE-99EBE538DFBA}.DebugGame Editor|Win64.ActiveCfg = DebugGame_Editor|x64
		{23A86D1C-C1D0-4290-8CEE-99EBE538DFBA}.DebugGame Editor|Win64.Build.0 = DebugGame_Editor|x64
		{23A86D1C-C1D0-4290-8CEE-99EBE538DFBA}.DebugGame|HTML5.ActiveCfg = HTML5_DebugGame_Game|Win32
		{23A86D1C-C1D0-4290-8CEE-99EBE538DFBA}.DebugGame|HTML5.Build.0 = HTML5_DebugGame_Game|Win32
		{23A86D1C-C1D0-4290-8CEE-99EBE538DFBA}.DebugGame|Win32.ActiveCfg = DebugGame_Game|Win32
		{23A86D1C-C1D0-4290-8CEE-99EBE538DFBA}.DebugGame|Win32.Build.0 = DebugGame_Game|Win32
		{23A86D1C-C1D0-4290-8CEE-99EBE538DFBA}.DebugGame|Win64.ActiveCfg = DebugGame_Game|x64
		{23A86D1C-C1D0-4290-8CEE-99EBE538DFBA}.DebugGame|Win64.Build.0 = DebugGame_Game|x64
		{23A86D1C-C1D0-4290-8CEE-99EBE538DFBA}.Development Editor|HTML5.ActiveCfg = HTML5_Development_Editor|Win32
		{23A86D1C-C1D0-4290-8CEE-99EBE538DFBA}.Development Editor|Win32.ActiveCfg = Development_Editor|Win32
		{23A86D1C-C1D0-4290-8CEE-99EBE538DFBA}.Development Editor|Win64.ActiveCfg = Development_Editor|x64
		{23A86D1C-C1D0-4290-8CEE-99EBE538DFBA}.Development Editor|Win64.Build.0 = Development_Editor|x64
		{23A86D1C-C1D0-4290-8CEE-99EBE538DFBA}.Development|HTML5.ActiveCfg = HTML5_Development_Game|Win32
		{23A86D1C-C1D0-4290-8CEE-99EBE538DFBA}.Development|HTML5.Build.0 = HTML5_Development_Game|Win32
		{23A86D1C-C1D0-4290-8CEE-99EBE538DFBA}.Development|Win32.ActiveCfg = Development_Game|Win32
		{23A86D1C-C1D0-4290-8CEE-99EBE538DFBA}.Development|Win32.Build.0 = Development_Game|Win32
		{23A86D1C-C1D0-4290-8CEE-99EBE538DFBA}.Development|Win64.ActiveCfg = Development_Game|x64
		{23A86D1C-C1D0-4290-8CEE-99EBE538DFBA}.Development|Win64.Build.0 = Development_Game|x64
		{23A86D1C-C1D0-4290-8CEE-99EBE538DFBA}.Shipping|HTML5.ActiveCfg = HTML5_Shipping_Game|Win32
		{23A86D1C-C1D0-4290-8CEE-99EBE538DFBA}.Shipping|HTML5.Build.0 = HTML5_Shipping_Game|Win32
		{23A86D1C-C1D0-4290-8CEE-99EBE538DFBA}.Shipping|Win32.ActiveCfg = Shipping_Game|Win32
		{23A86D1C-C1D0-4290-8CEE-99EBE538DFBA}.Shipping|Win32.Build.0 = Shipping_Game|Win32
		{23A86D1C-C1D0-4290-8CEE-99EBE538DFBA}.Shipping|Win64.ActiveCfg = Shipping_Game|x64
		{23A86D1C-C1D0-4290-8CEE-99EBE538DFBA}.Shipping|Win64.Build.0 = Shipping_Game|x64
	EndGlobalSection
	GlobalSection(SolutionProperties) = preSolution
		HideSolutionNode = FALSE
	EndGlobalSection
	GlobalSection(NestedProjects) = preSolution
		{19A20537-B2E2-4976-8B11-FAC2DB7BEFA7} = {C1FEBFA8-9D37-49FE-A551-415C847F9261}
		{23A86D1C-C1D0-4290-8CEE-99EBE538DFBA} = {FE25F4DF-626D-4B2F-9B35-4E752778F75F}
	EndGlobalSection
	GlobalSection(ExtensibilityGlobals) = postSolution
		SolutionGuid = {2F2762CE-3C5F-4B1B-A7DE-8292E9F0BA2C}
	EndGlobalSection
EndGlobal
