
Microsoft Visual Studio Solution File, Format Version 12.00
# Visual Studio 15
VisualStudioVersion = 15.0.25807.0
MinimumVisualStudioVersion = 10.0.40219.1
Project("{2150E333-8FDC-42A3-9474-1A3956D46DE8}") = "Engine", "Engine", "{E2FFB87F-F9F7-4F9C-9E72-33260BCDCEA5}"
EndProject
Project("{2150E333-8FDC-42A3-9474-1A3956D46DE8}") = "Games", "Games", "{82C83FEB-0F86-47DE-ACCE-7247434D2328}"
EndProject
Project("{8BC9CEB8-8B4A-11D0-8D11-00A0C91BC942}") = "UE4", "Intermediate\ProjectFiles\UE4.vcxproj", "{C4942C4C-14E0-4C22-A28E-E19634B10DC9}"
EndProject
Project("{8BC9CEB8-8B4A-11D0-8D11-00A0C91BC942}") = "XmasGiftDelivery", "Intermediate\ProjectFiles\XmasGiftDelivery.vcxproj", "{4626C814-3250-45D3-B477-4559C027DE18}"
EndProject
Global
	GlobalSection(SolutionConfigurationPlatforms) = preSolution
		DebugGame Editor|Android = DebugGame Editor|Android
		DebugGame Editor|HTML5 = DebugGame Editor|HTML5
		DebugGame Editor|Win32 = DebugGame Editor|Win32
		DebugGame Editor|Win64 = DebugGame Editor|Win64
		DebugGame|Android = DebugGame|Android
		DebugGame|HTML5 = DebugGame|HTML5
		DebugGame|Win32 = DebugGame|Win32
		DebugGame|Win64 = DebugGame|Win64
		Development Editor|Android = Development Editor|Android
		Development Editor|HTML5 = Development Editor|HTML5
		Development Editor|Win32 = Development Editor|Win32
		Development Editor|Win64 = Development Editor|Win64
		Development|Android = Development|Android
		Development|HTML5 = Development|HTML5
		Development|Win32 = Development|Win32
		Development|Win64 = Development|Win64
		Shipping|Android = Shipping|Android
		Shipping|HTML5 = Shipping|HTML5
		Shipping|Win32 = Shipping|Win32
		Shipping|Win64 = Shipping|Win64
	EndGlobalSection
	GlobalSection(ProjectConfigurationPlatforms) = postSolution
		{C4942C4C-14E0-4C22-A28E-E19634B10DC9}.DebugGame Editor|Android.ActiveCfg = BuiltWithUnrealBuildTool|Win32
		{C4942C4C-14E0-4C22-A28E-E19634B10DC9}.DebugGame Editor|Android.Build.0 = BuiltWithUnrealBuildTool|Win32
		{C4942C4C-14E0-4C22-A28E-E19634B10DC9}.DebugGame Editor|HTML5.ActiveCfg = BuiltWithUnrealBuildTool|Win32
		{C4942C4C-14E0-4C22-A28E-E19634B10DC9}.DebugGame Editor|HTML5.Build.0 = BuiltWithUnrealBuildTool|Win32
		{C4942C4C-14E0-4C22-A28E-E19634B10DC9}.DebugGame Editor|Win32.ActiveCfg = BuiltWithUnrealBuildTool|Win32
		{C4942C4C-14E0-4C22-A28E-E19634B10DC9}.DebugGame Editor|Win32.Build.0 = BuiltWithUnrealBuildTool|Win32
		{C4942C4C-14E0-4C22-A28E-E19634B10DC9}.DebugGame Editor|Win64.ActiveCfg = BuiltWithUnrealBuildTool|Win32
		{C4942C4C-14E0-4C22-A28E-E19634B10DC9}.DebugGame Editor|Win64.Build.0 = BuiltWithUnrealBuildTool|Win32
		{C4942C4C-14E0-4C22-A28E-E19634B10DC9}.DebugGame|Android.ActiveCfg = BuiltWithUnrealBuildTool|Win32
		{C4942C4C-14E0-4C22-A28E-E19634B10DC9}.DebugGame|Android.Build.0 = BuiltWithUnrealBuildTool|Win32
		{C4942C4C-14E0-4C22-A28E-E19634B10DC9}.DebugGame|HTML5.ActiveCfg = BuiltWithUnrealBuildTool|Win32
		{C4942C4C-14E0-4C22-A28E-E19634B10DC9}.DebugGame|HTML5.Build.0 = BuiltWithUnrealBuildTool|Win32
		{C4942C4C-14E0-4C22-A28E-E19634B10DC9}.DebugGame|Win32.ActiveCfg = BuiltWithUnrealBuildTool|Win32
		{C4942C4C-14E0-4C22-A28E-E19634B10DC9}.DebugGame|Win32.Build.0 = BuiltWithUnrealBuildTool|Win32
		{C4942C4C-14E0-4C22-A28E-E19634B10DC9}.DebugGame|Win64.ActiveCfg = BuiltWithUnrealBuildTool|Win32
		{C4942C4C-14E0-4C22-A28E-E19634B10DC9}.DebugGame|Win64.Build.0 = BuiltWithUnrealBuildTool|Win32
		{C4942C4C-14E0-4C22-A28E-E19634B10DC9}.Development Editor|Android.ActiveCfg = BuiltWithUnrealBuildTool|Win32
		{C4942C4C-14E0-4C22-A28E-E19634B10DC9}.Development Editor|Android.Build.0 = BuiltWithUnrealBuildTool|Win32
		{C4942C4C-14E0-4C22-A28E-E19634B10DC9}.Development Editor|HTML5.ActiveCfg = BuiltWithUnrealBuildTool|Win32
		{C4942C4C-14E0-4C22-A28E-E19634B10DC9}.Development Editor|HTML5.Build.0 = BuiltWithUnrealBuildTool|Win32
		{C4942C4C-14E0-4C22-A28E-E19634B10DC9}.Development Editor|Win32.ActiveCfg = BuiltWithUnrealBuildTool|Win32
		{C4942C4C-14E0-4C22-A28E-E19634B10DC9}.Development Editor|Win32.Build.0 = BuiltWithUnrealBuildTool|Win32
		{C4942C4C-14E0-4C22-A28E-E19634B10DC9}.Development Editor|Win64.ActiveCfg = BuiltWithUnrealBuildTool|Win32
		{C4942C4C-14E0-4C22-A28E-E19634B10DC9}.Development Editor|Win64.Build.0 = BuiltWithUnrealBuildTool|Win32
		{C4942C4C-14E0-4C22-A28E-E19634B10DC9}.Development|Android.ActiveCfg = BuiltWithUnrealBuildTool|Win32
		{C4942C4C-14E0-4C22-A28E-E19634B10DC9}.Development|Android.Build.0 = BuiltWithUnrealBuildTool|Win32
		{C4942C4C-14E0-4C22-A28E-E19634B10DC9}.Development|HTML5.ActiveCfg = BuiltWithUnrealBuildTool|Win32
		{C4942C4C-14E0-4C22-A28E-E19634B10DC9}.Development|HTML5.Build.0 = BuiltWithUnrealBuildTool|Win32
		{C4942C4C-14E0-4C22-A28E-E19634B10DC9}.Development|Win32.ActiveCfg = BuiltWithUnrealBuildTool|Win32
		{C4942C4C-14E0-4C22-A28E-E19634B10DC9}.Development|Win32.Build.0 = BuiltWithUnrealBuildTool|Win32
		{C4942C4C-14E0-4C22-A28E-E19634B10DC9}.Development|Win64.ActiveCfg = BuiltWithUnrealBuildTool|Win32
		{C4942C4C-14E0-4C22-A28E-E19634B10DC9}.Development|Win64.Build.0 = BuiltWithUnrealBuildTool|Win32
		{C4942C4C-14E0-4C22-A28E-E19634B10DC9}.Shipping|Android.ActiveCfg = BuiltWithUnrealBuildTool|Win32
		{C4942C4C-14E0-4C22-A28E-E19634B10DC9}.Shipping|Android.Build.0 = BuiltWithUnrealBuildTool|Win32
		{C4942C4C-14E0-4C22-A28E-E19634B10DC9}.Shipping|HTML5.ActiveCfg = BuiltWithUnrealBuildTool|Win32
		{C4942C4C-14E0-4C22-A28E-E19634B10DC9}.Shipping|HTML5.Build.0 = BuiltWithUnrealBuildTool|Win32
		{C4942C4C-14E0-4C22-A28E-E19634B10DC9}.Shipping|Win32.ActiveCfg = BuiltWithUnrealBuildTool|Win32
		{C4942C4C-14E0-4C22-A28E-E19634B10DC9}.Shipping|Win32.Build.0 = BuiltWithUnrealBuildTool|Win32
		{C4942C4C-14E0-4C22-A28E-E19634B10DC9}.Shipping|Win64.ActiveCfg = BuiltWithUnrealBuildTool|Win32
		{C4942C4C-14E0-4C22-A28E-E19634B10DC9}.Shipping|Win64.Build.0 = BuiltWithUnrealBuildTool|Win32
		{4626C814-3250-45D3-B477-4559C027DE18}.DebugGame Editor|Android.ActiveCfg = Android_DebugGame_Editor|Win32
		{4626C814-3250-45D3-B477-4559C027DE18}.DebugGame Editor|HTML5.ActiveCfg = HTML5_DebugGame_Editor|Win32
		{4626C814-3250-45D3-B477-4559C027DE18}.DebugGame Editor|Win32.ActiveCfg = DebugGame_Editor|Win32
		{4626C814-3250-45D3-B477-4559C027DE18}.DebugGame Editor|Win64.ActiveCfg = DebugGame_Editor|x64
		{4626C814-3250-45D3-B477-4559C027DE18}.DebugGame Editor|Win64.Build.0 = DebugGame_Editor|x64
		{4626C814-3250-45D3-B477-4559C027DE18}.DebugGame|Android.ActiveCfg = Android_DebugGame_Game|Win32
		{4626C814-3250-45D3-B477-4559C027DE18}.DebugGame|Android.Build.0 = Android_DebugGame_Game|Win32
		{4626C814-3250-45D3-B477-4559C027DE18}.DebugGame|HTML5.ActiveCfg = HTML5_DebugGame_Game|Win32
		{4626C814-3250-45D3-B477-4559C027DE18}.DebugGame|HTML5.Build.0 = HTML5_DebugGame_Game|Win32
		{4626C814-3250-45D3-B477-4559C027DE18}.DebugGame|Win32.ActiveCfg = DebugGame_Game|Win32
		{4626C814-3250-45D3-B477-4559C027DE18}.DebugGame|Win32.Build.0 = DebugGame_Game|Win32
		{4626C814-3250-45D3-B477-4559C027DE18}.DebugGame|Win64.ActiveCfg = DebugGame_Game|x64
		{4626C814-3250-45D3-B477-4559C027DE18}.DebugGame|Win64.Build.0 = DebugGame_Game|x64
		{4626C814-3250-45D3-B477-4559C027DE18}.Development Editor|Android.ActiveCfg = Android_Development_Editor|Win32
		{4626C814-3250-45D3-B477-4559C027DE18}.Development Editor|HTML5.ActiveCfg = HTML5_Development_Editor|Win32
		{4626C814-3250-45D3-B477-4559C027DE18}.Development Editor|Win32.ActiveCfg = Development_Editor|Win32
		{4626C814-3250-45D3-B477-4559C027DE18}.Development Editor|Win64.ActiveCfg = Development_Editor|x64
		{4626C814-3250-45D3-B477-4559C027DE18}.Development Editor|Win64.Build.0 = Development_Editor|x64
		{4626C814-3250-45D3-B477-4559C027DE18}.Development|Android.ActiveCfg = Android_Development_Game|Win32
		{4626C814-3250-45D3-B477-4559C027DE18}.Development|Android.Build.0 = Android_Development_Game|Win32
		{4626C814-3250-45D3-B477-4559C027DE18}.Development|HTML5.ActiveCfg = HTML5_Development_Game|Win32
		{4626C814-3250-45D3-B477-4559C027DE18}.Development|HTML5.Build.0 = HTML5_Development_Game|Win32
		{4626C814-3250-45D3-B477-4559C027DE18}.Development|Win32.ActiveCfg = Development_Game|Win32
		{4626C814-3250-45D3-B477-4559C027DE18}.Development|Win32.Build.0 = Development_Game|Win32
		{4626C814-3250-45D3-B477-4559C027DE18}.Development|Win64.ActiveCfg = Development_Game|x64
		{4626C814-3250-45D3-B477-4559C027DE18}.Development|Win64.Build.0 = Development_Game|x64
		{4626C814-3250-45D3-B477-4559C027DE18}.Shipping|Android.ActiveCfg = Android_Shipping_Game|Win32
		{4626C814-3250-45D3-B477-4559C027DE18}.Shipping|Android.Build.0 = Android_Shipping_Game|Win32
		{4626C814-3250-45D3-B477-4559C027DE18}.Shipping|HTML5.ActiveCfg = HTML5_Shipping_Game|Win32
		{4626C814-3250-45D3-B477-4559C027DE18}.Shipping|HTML5.Build.0 = HTML5_Shipping_Game|Win32
		{4626C814-3250-45D3-B477-4559C027DE18}.Shipping|Win32.ActiveCfg = Shipping_Game|Win32
		{4626C814-3250-45D3-B477-4559C027DE18}.Shipping|Win32.Build.0 = Shipping_Game|Win32
		{4626C814-3250-45D3-B477-4559C027DE18}.Shipping|Win64.ActiveCfg = Shipping_Game|x64
		{4626C814-3250-45D3-B477-4559C027DE18}.Shipping|Win64.Build.0 = Shipping_Game|x64
	EndGlobalSection
	GlobalSection(SolutionProperties) = preSolution
		HideSolutionNode = FALSE
	EndGlobalSection
	GlobalSection(NestedProjects) = preSolution
		{C4942C4C-14E0-4C22-A28E-E19634B10DC9} = {E2FFB87F-F9F7-4F9C-9E72-33260BCDCEA5}
		{4626C814-3250-45D3-B477-4559C027DE18} = {82C83FEB-0F86-47DE-ACCE-7247434D2328}
	EndGlobalSection
	GlobalSection(ExtensibilityGlobals) = postSolution
		SolutionGuid = {6FC44627-5C5A-4F18-BB8D-77E454F02556}
	EndGlobalSection
EndGlobal
